
Microsoft Visual Studio Solution File, Format Version 12.00
# Visual Studio Version 17
VisualStudioVersion = 17.0.31903.59
MinimumVisualStudioVersion = 10.0.40219.1
Project("{FAE04EC0-301F-11D3-BF4B-00C04F79EFBC}") = "MiniERP.Domain", "MiniERP.Domain\MiniERP.Domain.csproj", "{CCD704F1-9E32-4EC0-93AA-F62789FBF99F}"
EndProject
Project("{FAE04EC0-301F-11D3-BF4B-00C04F79EFBC}") = "MiniERP.Application", "MiniERP.Application\MiniERP.Application.csproj", "{B4E2CCBE-CE2B-4184-BF9C-AC5B321EC8C9}"
EndProject
Project("{FAE04EC0-301F-11D3-BF4B-00C04F79EFBC}") = "MiniERP.Infrastructure", "MiniERP.Infrastructure\MiniERP.Infrastructure.csproj", "{872F7577-BC85-4D1F-A546-45DB460A7AEE}"
EndProject
Project("{FAE04EC0-301F-11D3-BF4B-00C04F79EFBC}") = "MiniERP.API", "MiniERP.API\MiniERP.API.csproj", "{329F3803-A85B-4363-8A67-D52A4F164F9C}"
EndProject
Global
	GlobalSection(SolutionConfigurationPlatforms) = preSolution
		Debug|Any CPU = Debug|Any CPU
		Debug|x64 = Debug|x64
		Debug|x86 = Debug|x86
		Release|Any CPU = Release|Any CPU
		Release|x64 = Release|x64
		Release|x86 = Release|x86
	EndGlobalSection
	GlobalSection(ProjectConfigurationPlatforms) = postSolution
		{CCD704F1-9E32-4EC0-93AA-F62789FBF99F}.Debug|Any CPU.ActiveCfg = Debug|Any CPU
		{CCD704F1-9E32-4EC0-93AA-F62789FBF99F}.Debug|Any CPU.Build.0 = Debug|Any CPU
		{CCD704F1-9E32-4EC0-93AA-F62789FBF99F}.Debug|x64.ActiveCfg = Debug|Any CPU
		{CCD704F1-9E32-4EC0-93AA-F62789FBF99F}.Debug|x64.Build.0 = Debug|Any CPU
		{CCD704F1-9E32-4EC0-93AA-F62789FBF99F}.Debug|x86.ActiveCfg = Debug|Any CPU
		{CCD704F1-9E32-4EC0-93AA-F62789FBF99F}.Debug|x86.Build.0 = Debug|Any CPU
		{CCD704F1-9E32-4EC0-93AA-F62789FBF99F}.Release|Any CPU.ActiveCfg = Release|Any CPU
		{CCD704F1-9E32-4EC0-93AA-F62789FBF99F}.Release|Any CPU.Build.0 = Release|Any CPU
		{CCD704F1-9E32-4EC0-93AA-F62789FBF99F}.Release|x64.ActiveCfg = Release|Any CPU
		{CCD704F1-9E32-4EC0-93AA-F62789FBF99F}.Release|x64.Build.0 = Release|Any CPU
		{CCD704F1-9E32-4EC0-93AA-F62789FBF99F}.Release|x86.ActiveCfg = Release|Any CPU
		{CCD704F1-9E32-4EC0-93AA-F62789FBF99F}.Release|x86.Build.0 = Release|Any CPU
		{B4E2CCBE-CE2B-4184-BF9C-AC5B321EC8C9}.Debug|Any CPU.ActiveCfg = Debug|Any CPU
		{B4E2CCBE-CE2B-4184-BF9C-AC5B321EC8C9}.Debug|Any CPU.Build.0 = Debug|Any CPU
		{B4E2CCBE-CE2B-4184-BF9C-AC5B321EC8C9}.Debug|x64.ActiveCfg = Debug|Any CPU
		{B4E2CCBE-CE2B-4184-BF9C-AC5B321EC8C9}.Debug|x64.Build.0 = Debug|Any CPU
		{B4E2CCBE-CE2B-4184-BF9C-AC5B321EC8C9}.Debug|x86.ActiveCfg = Debug|Any CPU
		{B4E2CCBE-CE2B-4184-BF9C-AC5B321EC8C9}.Debug|x86.Build.0 = Debug|Any CPU
		{B4E2CCBE-CE2B-4184-BF9C-AC5B321EC8C9}.Release|Any CPU.ActiveCfg = Release|Any CPU
		{B4E2CCBE-CE2B-4184-BF9C-AC5B321EC8C9}.Release|Any CPU.Build.0 = Release|Any CPU
		{B4E2CCBE-CE2B-4184-BF9C-AC5B321EC8C9}.Release|x64.ActiveCfg = Release|Any CPU
		{B4E2CCBE-CE2B-4184-BF9C-AC5B321EC8C9}.Release|x64.Build.0 = Release|Any CPU
		{B4E2CCBE-CE2B-4184-BF9C-AC5B321EC8C9}.Release|x86.ActiveCfg = Release|Any CPU
		{B4E2CCBE-CE2B-4184-BF9C-AC5B321EC8C9}.Release|x86.Build.0 = Release|Any CPU
		{872F7577-BC85-4D1F-A546-45DB460A7AEE}.Debug|Any CPU.ActiveCfg = Debug|Any CPU
		{872F7577-BC85-4D1F-A546-45DB460A7AEE}.Debug|Any CPU.Build.0 = Debug|Any CPU
		{872F7577-BC85-4D1F-A546-45DB460A7AEE}.Debug|x64.ActiveCfg = Debug|Any CPU
		{872F7577-BC85-4D1F-A546-45DB460A7AEE}.Debug|x64.Build.0 = Debug|Any CPU
		{872F7577-BC85-4D1F-A546-45DB460A7AEE}.Debug|x86.ActiveCfg = Debug|Any CPU
		{872F7577-BC85-4D1F-A546-45DB460A7AEE}.Debug|x86.Build.0 = Debug|Any CPU
		{872F7577-BC85-4D1F-A546-45DB460A7AEE}.Release|Any CPU.ActiveCfg = Release|Any CPU
		{872F7577-BC85-4D1F-A546-45DB460A7AEE}.Release|Any CPU.Build.0 = Release|Any CPU
		{872F7577-BC85-4D1F-A546-45DB460A7AEE}.Release|x64.ActiveCfg = Release|Any CPU
		{872F7577-BC85-4D1F-A546-45DB460A7AEE}.Release|x64.Build.0 = Release|Any CPU
		{872F7577-BC85-4D1F-A546-45DB460A7AEE}.Release|x86.ActiveCfg = Release|Any CPU
		{872F7577-BC85-4D1F-A546-45DB460A7AEE}.Release|x86.Build.0 = Release|Any CPU
		{329F3803-A85B-4363-8A67-D52A4F164F9C}.Debug|Any CPU.ActiveCfg = Debug|Any CPU
		{329F3803-A85B-4363-8A67-D52A4F164F9C}.Debug|Any CPU.Build.0 = Debug|Any CPU
		{329F3803-A85B-4363-8A67-D52A4F164F9C}.Debug|x64.ActiveCfg = Debug|Any CPU
		{329F3803-A85B-4363-8A67-D52A4F164F9C}.Debug|x64.Build.0 = Debug|Any CPU
		{329F3803-A85B-4363-8A67-D52A4F164F9C}.Debug|x86.ActiveCfg = Debug|Any CPU
		{329F3803-A85B-4363-8A67-D52A4F164F9C}.Debug|x86.Build.0 = Debug|Any CPU
		{329F3803-A85B-4363-8A67-D52A4F164F9C}.Release|Any CPU.ActiveCfg = Release|Any CPU
		{329F3803-A85B-4363-8A67-D52A4F164F9C}.Release|Any CPU.Build.0 = Release|Any CPU
		{329F3803-A85B-4363-8A67-D52A4F164F9C}.Release|x64.ActiveCfg = Release|Any CPU
		{329F3803-A85B-4363-8A67-D52A4F164F9C}.Release|x64.Build.0 = Release|Any CPU
		{329F3803-A85B-4363-8A67-D52A4F164F9C}.Release|x86.ActiveCfg = Release|Any CPU
		{329F3803-A85B-4363-8A67-D52A4F164F9C}.Release|x86.Build.0 = Release|Any CPU
	EndGlobalSection
	GlobalSection(SolutionProperties) = preSolution
		HideSolutionNode = FALSE
	EndGlobalSection
EndGlobal
